{
  "name": "src",
  "version": "1.0.0",
  "lockfileVersion": 1,
  "requires": true,
  "dependencies": {
    "@vimeo/player": {
      "version": "2.16.4",
      "resolved": "https://registry.npmjs.org/@vimeo/player/-/player-2.16.4.tgz",
      "integrity": "sha512-i+ids9ziQuai3mp8XzF9Q5b2hLgRCekRcefdnoy+RkKUR8Xq0cJndnk9jHugEOw8v6PLj7tO3eEAw4lu2/AG2Q==",
      "requires": {
        "native-promise-only": "0.8.1",
        "weakmap-polyfill": "2.0.4"
      }
    },
    "lodash.throttle": {
      "version": "4.1.1",
      "resolved": "https://registry.npmjs.org/lodash.throttle/-/lodash.throttle-4.1.1.tgz",
      "integrity": "sha1-wj6RtxAkKscMN/HhzaknTMOb8vQ="
    },
    "native-promise-only": {
      "version": "0.8.1",
      "resolved": "https://registry.npmjs.org/native-promise-only/-/native-promise-only-0.8.1.tgz",
      "integrity": "sha1-IKMYwwy0X3H+et+/eyHJnBRy7xE="
    },
    "simple-lightbox": {
      "version": "2.1.0",
      "resolved": "https://registry.npmjs.org/simple-lightbox/-/simple-lightbox-2.1.0.tgz",
      "integrity": "sha512-cfIe4fKEA/qObvOKs1mbMCOhKYAClFrdZyWjZ+BJFyWOeg+ckjhydM+JajCL+nF9GRcidqfv15BYl3gfbzawXQ=="
    },
    "simplelightbox": {
      "version": "2.10.3",
      "resolved": "https://registry.npmjs.org/simplelightbox/-/simplelightbox-2.10.3.tgz",
      "integrity": "sha512-EvBmxVG5YQGKsaYijyky5J22h4OsOKnv8kWJxUZR9fxWTpxkTj0rbbflZiFJ61F+OEb6cPUFzxUjLoOZF8W2gg=="
    },
    "weakmap-polyfill": {
      "version": "2.0.4",
      "resolved": "https://registry.npmjs.org/weakmap-polyfill/-/weakmap-polyfill-2.0.4.tgz",
      "integrity": "sha512-ZzxBf288iALJseijWelmECm/1x7ZwQn3sMYIkDr2VvZp7r6SEKuT8D0O9Wiq6L9Nl5mazrOMcmiZE/2NCenaxw=="
    }
  }
}
